
Microsoft Visual Studio Solution File, Format Version 12.00
# Visual Studio Version 17
VisualStudioVersion = 17.3.32922.545
MinimumVisualStudioVersion = 10.0.40219.1
Project("{FAE04EC0-301F-11D3-BF4B-00C04F79EFBC}") = "Main_Vectores", "Main_Vectores.csproj", "{0BC87FF6-82E8-4AE2-B4E9-5645EFCFBA22}"
EndProject
Global
	GlobalSection(SolutionConfigurationPlatforms) = preSolution
		Debug|Any CPU = Debug|Any CPU
		Release|Any CPU = Release|Any CPU
	EndGlobalSection
	GlobalSection(ProjectConfigurationPlatforms) = postSolution
		{0BC87FF6-82E8-4AE2-B4E9-5645EFCFBA22}.Debug|Any CPU.ActiveCfg = Debug|Any CPU
		{0BC87FF6-82E8-4AE2-B4E9-5645EFCFBA22}.Debug|Any CPU.Build.0 = Debug|Any CPU
		{0BC87FF6-82E8-4AE2-B4E9-5645EFCFBA22}.Release|Any CPU.ActiveCfg = Release|Any CPU
		{0BC87FF6-82E8-4AE2-B4E9-5645EFCFBA22}.Release|Any CPU.Build.0 = Release|Any CPU
	EndGlobalSection
	GlobalSection(SolutionProperties) = preSolution
		HideSolutionNode = FALSE
	EndGlobalSection
	GlobalSection(ExtensibilityGlobals) = postSolution
		SolutionGuid = {9D50F5F6-C7CD-423A-92D1-6944BE826E5A}
	EndGlobalSection
EndGlobal
